
Microsoft Visual Studio Solution File, Format Version 12.00
# Visual Studio 15
VisualStudioVersion = 15.0.28307.852
MinimumVisualStudioVersion = 10.0.40219.1
Project("{FAE04EC0-301F-11D3-BF4B-00C04F79EFBC}") = "TodoAppBackend", "TodoAppBackend\TodoAppBackend.csproj", "{AA1FA541-B9A8-4207-BB9A-887E0ED6B244}"
EndProject
Global
	GlobalSection(SolutionConfigurationPlatforms) = preSolution
		Debug|Any CPU = Debug|Any CPU
		Release|Any CPU = Release|Any CPU
	EndGlobalSection
	GlobalSection(ProjectConfigurationPlatforms) = postSolution
		{AA1FA541-B9A8-4207-BB9A-887E0ED6B244}.Debug|Any CPU.ActiveCfg = Debug|Any CPU
		{AA1FA541-B9A8-4207-BB9A-887E0ED6B244}.Debug|Any CPU.Build.0 = Debug|Any CPU
		{AA1FA541-B9A8-4207-BB9A-887E0ED6B244}.Release|Any CPU.ActiveCfg = Release|Any CPU
		{AA1FA541-B9A8-4207-BB9A-887E0ED6B244}.Release|Any CPU.Build.0 = Release|Any CPU
	EndGlobalSection
	GlobalSection(SolutionProperties) = preSolution
		HideSolutionNode = FALSE
	EndGlobalSection
	GlobalSection(ExtensibilityGlobals) = postSolution
		SolutionGuid = {78314875-DF52-4143-A988-DCD117C8DD62}
	EndGlobalSection
EndGlobal
