
Microsoft Visual Studio Solution File, Format Version 12.00
# Visual Studio 15
VisualStudioVersion = 15.0.28307.852
MinimumVisualStudioVersion = 10.0.40219.1
Project("{FAE04EC0-301F-11D3-BF4B-00C04F79EFBC}") = "TodoAppClient.Android", "TodoAppClient\TodoAppClient.Android\TodoAppClient.Android.csproj", "{C122BEFB-0C78-477C-A858-2AD8A7491CCF}"
EndProject
Project("{FAE04EC0-301F-11D3-BF4B-00C04F79EFBC}") = "TodoAppClient.iOS", "TodoAppClient\TodoAppClient.iOS\TodoAppClient.iOS.csproj", "{4D9378B5-B044-427C-AA07-E0A43D1E565C}"
EndProject
Project("{FAE04EC0-301F-11D3-BF4B-00C04F79EFBC}") = "TodoAppClient.UWP", "TodoAppClient\TodoAppClient.UWP\TodoAppClient.UWP.csproj", "{4D12EFEC-A70B-40CC-8C28-2129A03EB176}"
EndProject
Project("{9A19103F-16F7-4668-BE54-9A1E7A4F7556}") = "TodoAppClient", "TodoAppClient\TodoAppClient\TodoAppClient.csproj", "{F85E3033-50C9-4A62-96DB-99E3F9AAD798}"
EndProject
Global
	GlobalSection(SolutionConfigurationPlatforms) = preSolution
		Ad-Hoc|Any CPU = Ad-Hoc|Any CPU
		Ad-Hoc|ARM = Ad-Hoc|ARM
		Ad-Hoc|iPhone = Ad-Hoc|iPhone
		Ad-Hoc|iPhoneSimulator = Ad-Hoc|iPhoneSimulator
		Ad-Hoc|x64 = Ad-Hoc|x64
		Ad-Hoc|x86 = Ad-Hoc|x86
		AppStore|Any CPU = AppStore|Any CPU
		AppStore|ARM = AppStore|ARM
		AppStore|iPhone = AppStore|iPhone
		AppStore|iPhoneSimulator = AppStore|iPhoneSimulator
		AppStore|x64 = AppStore|x64
		AppStore|x86 = AppStore|x86
		Debug|Any CPU = Debug|Any CPU
		Debug|ARM = Debug|ARM
		Debug|iPhone = Debug|iPhone
		Debug|iPhoneSimulator = Debug|iPhoneSimulator
		Debug|x64 = Debug|x64
		Debug|x86 = Debug|x86
		Release|Any CPU = Release|Any CPU
		Release|ARM = Release|ARM
		Release|iPhone = Release|iPhone
		Release|iPhoneSimulator = Release|iPhoneSimulator
		Release|x64 = Release|x64
		Release|x86 = Release|x86
	EndGlobalSection
	GlobalSection(ProjectConfigurationPlatforms) = postSolution
		{C122BEFB-0C78-477C-A858-2AD8A7491CCF}.Ad-Hoc|Any CPU.ActiveCfg = Release|Any CPU
		{C122BEFB-0C78-477C-A858-2AD8A7491CCF}.Ad-Hoc|Any CPU.Build.0 = Release|Any CPU
		{C122BEFB-0C78-477C-A858-2AD8A7491CCF}.Ad-Hoc|Any CPU.Deploy.0 = Release|Any CPU
		{C122BEFB-0C78-477C-A858-2AD8A7491CCF}.Ad-Hoc|ARM.ActiveCfg = Release|Any CPU
		{C122BEFB-0C78-477C-A858-2AD8A7491CCF}.Ad-Hoc|ARM.Build.0 = Release|Any CPU
		{C122BEFB-0C78-477C-A858-2AD8A7491CCF}.Ad-Hoc|ARM.Deploy.0 = Release|Any CPU
		{C122BEFB-0C78-477C-A858-2AD8A7491CCF}.Ad-Hoc|iPhone.ActiveCfg = Release|Any CPU
		{C122BEFB-0C78-477C-A858-2AD8A7491CCF}.Ad-Hoc|iPhone.Build.0 = Release|Any CPU
		{C122BEFB-0C78-477C-A858-2AD8A7491CCF}.Ad-Hoc|iPhone.Deploy.0 = Release|Any CPU
		{C122BEFB-0C78-477C-A858-2AD8A7491CCF}.Ad-Hoc|iPhoneSimulator.ActiveCfg = Release|Any CPU
		{C122BEFB-0C78-477C-A858-2AD8A7491CCF}.Ad-Hoc|iPhoneSimulator.Build.0 = Release|Any CPU
		{C122BEFB-0C78-477C-A858-2AD8A7491CCF}.Ad-Hoc|iPhoneSimulator.Deploy.0 = Release|Any CPU
		{C122BEFB-0C78-477C-A858-2AD8A7491CCF}.Ad-Hoc|x64.ActiveCfg = Release|Any CPU
		{C122BEFB-0C78-477C-A858-2AD8A7491CCF}.Ad-Hoc|x64.Build.0 = Release|Any CPU
		{C122BEFB-0C78-477C-A858-2AD8A7491CCF}.Ad-Hoc|x64.Deploy.0 = Release|Any CPU
		{C122BEFB-0C78-477C-A858-2AD8A7491CCF}.Ad-Hoc|x86.ActiveCfg = Release|Any CPU
		{C122BEFB-0C78-477C-A858-2AD8A7491CCF}.Ad-Hoc|x86.Build.0 = Release|Any CPU
		{C122BEFB-0C78-477C-A858-2AD8A7491CCF}.Ad-Hoc|x86.Deploy.0 = Release|Any CPU
		{C122BEFB-0C78-477C-A858-2AD8A7491CCF}.AppStore|Any CPU.ActiveCfg = Release|Any CPU
		{C122BEFB-0C78-477C-A858-2AD8A7491CCF}.AppStore|Any CPU.Build.0 = Release|Any CPU
		{C122BEFB-0C78-477C-A858-2AD8A7491CCF}.AppStore|Any CPU.Deploy.0 = Release|Any CPU
		{C122BEFB-0C78-477C-A858-2AD8A7491CCF}.AppStore|ARM.ActiveCfg = Release|Any CPU
		{C122BEFB-0C78-477C-A858-2AD8A7491CCF}.AppStore|ARM.Build.0 = Release|Any CPU
		{C122BEFB-0C78-477C-A858-2AD8A7491CCF}.AppStore|ARM.Deploy.0 = Release|Any CPU
		{C122BEFB-0C78-477C-A858-2AD8A7491CCF}.AppStore|iPhone.ActiveCfg = Release|Any CPU
		{C122BEFB-0C78-477C-A858-2AD8A7491CCF}.AppStore|iPhone.Build.0 = Release|Any CPU
		{C122BEFB-0C78-477C-A858-2AD8A7491CCF}.AppStore|iPhone.Deploy.0 = Release|Any CPU
		{C122BEFB-0C78-477C-A858-2AD8A7491CCF}.AppStore|iPhoneSimulator.ActiveCfg = Release|Any CPU
		{C122BEFB-0C78-477C-A858-2AD8A7491CCF}.AppStore|iPhoneSimulator.Build.0 = Release|Any CPU
		{C122BEFB-0C78-477C-A858-2AD8A7491CCF}.AppStore|iPhoneSimulator.Deploy.0 = Release|Any CPU
		{C122BEFB-0C78-477C-A858-2AD8A7491CCF}.AppStore|x64.ActiveCfg = Release|Any CPU
		{C122BEFB-0C78-477C-A858-2AD8A7491CCF}.AppStore|x64.Build.0 = Release|Any CPU
		{C122BEFB-0C78-477C-A858-2AD8A7491CCF}.AppStore|x64.Deploy.0 = Release|Any CPU
		{C122BEFB-0C78-477C-A858-2AD8A7491CCF}.AppStore|x86.ActiveCfg = Release|Any CPU
		{C122BEFB-0C78-477C-A858-2AD8A7491CCF}.AppStore|x86.Build.0 = Release|Any CPU
		{C122BEFB-0C78-477C-A858-2AD8A7491CCF}.AppStore|x86.Deploy.0 = Release|Any CPU
		{C122BEFB-0C78-477C-A858-2AD8A7491CCF}.Debug|Any CPU.ActiveCfg = Debug|Any CPU
		{C122BEFB-0C78-477C-A858-2AD8A7491CCF}.Debug|Any CPU.Build.0 = Debug|Any CPU
		{C122BEFB-0C78-477C-A858-2AD8A7491CCF}.Debug|Any CPU.Deploy.0 = Debug|Any CPU
		{C122BEFB-0C78-477C-A858-2AD8A7491CCF}.Debug|ARM.ActiveCfg = Debug|Any CPU
		{C122BEFB-0C78-477C-A858-2AD8A7491CCF}.Debug|ARM.Build.0 = Debug|Any CPU
		{C122BEFB-0C78-477C-A858-2AD8A7491CCF}.Debug|ARM.Deploy.0 = Debug|Any CPU
		{C122BEFB-0C78-477C-A858-2AD8A7491CCF}.Debug|iPhone.ActiveCfg = Debug|Any CPU
		{C122BEFB-0C78-477C-A858-2AD8A7491CCF}.Debug|iPhone.Build.0 = Debug|Any CPU
		{C122BEFB-0C78-477C-A858-2AD8A7491CCF}.Debug|iPhone.Deploy.0 = Debug|Any CPU
		{C122BEFB-0C78-477C-A858-2AD8A7491CCF}.Debug|iPhoneSimulator.ActiveCfg = Debug|Any CPU
		{C122BEFB-0C78-477C-A858-2AD8A7491CCF}.Debug|iPhoneSimulator.Build.0 = Debug|Any CPU
		{C122BEFB-0C78-477C-A858-2AD8A7491CCF}.Debug|iPhoneSimulator.Deploy.0 = Debug|Any CPU
		{C122BEFB-0C78-477C-A858-2AD8A7491CCF}.Debug|x64.ActiveCfg = Debug|Any CPU
		{C122BEFB-0C78-477C-A858-2AD8A7491CCF}.Debug|x64.Build.0 = Debug|Any CPU
		{C122BEFB-0C78-477C-A858-2AD8A7491CCF}.Debug|x64.Deploy.0 = Debug|Any CPU
		{C122BEFB-0C78-477C-A858-2AD8A7491CCF}.Debug|x86.ActiveCfg = Debug|Any CPU
		{C122BEFB-0C78-477C-A858-2AD8A7491CCF}.Debug|x86.Build.0 = Debug|Any CPU
		{C122BEFB-0C78-477C-A858-2AD8A7491CCF}.Debug|x86.Deploy.0 = Debug|Any CPU
		{C122BEFB-0C78-477C-A858-2AD8A7491CCF}.Release|Any CPU.ActiveCfg = Release|Any CPU
		{C122BEFB-0C78-477C-A858-2AD8A7491CCF}.Release|Any CPU.Build.0 = Release|Any CPU
		{C122BEFB-0C78-477C-A858-2AD8A7491CCF}.Release|Any CPU.Deploy.0 = Release|Any CPU
		{C122BEFB-0C78-477C-A858-2AD8A7491CCF}.Release|ARM.ActiveCfg = Release|Any CPU
		{C122BEFB-0C78-477C-A858-2AD8A7491CCF}.Release|ARM.Build.0 = Release|Any CPU
		{C122BEFB-0C78-477C-A858-2AD8A7491CCF}.Release|ARM.Deploy.0 = Release|Any CPU
		{C122BEFB-0C78-477C-A858-2AD8A7491CCF}.Release|iPhone.ActiveCfg = Release|Any CPU
		{C122BEFB-0C78-477C-A858-2AD8A7491CCF}.Release|iPhone.Build.0 = Release|Any CPU
		{C122BEFB-0C78-477C-A858-2AD8A7491CCF}.Release|iPhone.Deploy.0 = Release|Any CPU
		{C122BEFB-0C78-477C-A858-2AD8A7491CCF}.Release|iPhoneSimulator.ActiveCfg = Release|Any CPU
		{C122BEFB-0C78-477C-A858-2AD8A7491CCF}.Release|iPhoneSimulator.Build.0 = Release|Any CPU
		{C122BEFB-0C78-477C-A858-2AD8A7491CCF}.Release|iPhoneSimulator.Deploy.0 = Release|Any CPU
		{C122BEFB-0C78-477C-A858-2AD8A7491CCF}.Release|x64.ActiveCfg = Release|Any CPU
		{C122BEFB-0C78-477C-A858-2AD8A7491CCF}.Release|x64.Build.0 = Release|Any CPU
		{C122BEFB-0C78-477C-A858-2AD8A7491CCF}.Release|x64.Deploy.0 = Release|Any CPU
		{C122BEFB-0C78-477C-A858-2AD8A7491CCF}.Release|x86.ActiveCfg = Release|Any CPU
		{C122BEFB-0C78-477C-A858-2AD8A7491CCF}.Release|x86.Build.0 = Release|Any CPU
		{C122BEFB-0C78-477C-A858-2AD8A7491CCF}.Release|x86.Deploy.0 = Release|Any CPU
		{4D9378B5-B044-427C-AA07-E0A43D1E565C}.Ad-Hoc|Any CPU.ActiveCfg = Ad-Hoc|iPhone
		{4D9378B5-B044-427C-AA07-E0A43D1E565C}.Ad-Hoc|Any CPU.Build.0 = Ad-Hoc|iPhone
		{4D9378B5-B044-427C-AA07-E0A43D1E565C}.Ad-Hoc|Any CPU.Deploy.0 = Ad-Hoc|iPhone
		{4D9378B5-B044-427C-AA07-E0A43D1E565C}.Ad-Hoc|ARM.ActiveCfg = Ad-Hoc|iPhone
		{4D9378B5-B044-427C-AA07-E0A43D1E565C}.Ad-Hoc|ARM.Build.0 = Ad-Hoc|iPhone
		{4D9378B5-B044-427C-AA07-E0A43D1E565C}.Ad-Hoc|ARM.Deploy.0 = Ad-Hoc|iPhone
		{4D9378B5-B044-427C-AA07-E0A43D1E565C}.Ad-Hoc|iPhone.ActiveCfg = Ad-Hoc|iPhone
		{4D9378B5-B044-427C-AA07-E0A43D1E565C}.Ad-Hoc|iPhone.Build.0 = Ad-Hoc|iPhone
		{4D9378B5-B044-427C-AA07-E0A43D1E565C}.Ad-Hoc|iPhone.Deploy.0 = Ad-Hoc|iPhone
		{4D9378B5-B044-427C-AA07-E0A43D1E565C}.Ad-Hoc|iPhoneSimulator.ActiveCfg = Ad-Hoc|iPhoneSimulator
		{4D9378B5-B044-427C-AA07-E0A43D1E565C}.Ad-Hoc|iPhoneSimulator.Build.0 = Ad-Hoc|iPhoneSimulator
		{4D9378B5-B044-427C-AA07-E0A43D1E565C}.Ad-Hoc|iPhoneSimulator.Deploy.0 = Ad-Hoc|iPhoneSimulator
		{4D9378B5-B044-427C-AA07-E0A43D1E565C}.Ad-Hoc|x64.ActiveCfg = Ad-Hoc|iPhone
		{4D9378B5-B044-427C-AA07-E0A43D1E565C}.Ad-Hoc|x64.Build.0 = Ad-Hoc|iPhone
		{4D9378B5-B044-427C-AA07-E0A43D1E565C}.Ad-Hoc|x64.Deploy.0 = Ad-Hoc|iPhone
		{4D9378B5-B044-427C-AA07-E0A43D1E565C}.Ad-Hoc|x86.ActiveCfg = Ad-Hoc|iPhone
		{4D9378B5-B044-427C-AA07-E0A43D1E565C}.Ad-Hoc|x86.Build.0 = Ad-Hoc|iPhone
		{4D9378B5-B044-427C-AA07-E0A43D1E565C}.Ad-Hoc|x86.Deploy.0 = Ad-Hoc|iPhone
		{4D9378B5-B044-427C-AA07-E0A43D1E565C}.AppStore|Any CPU.ActiveCfg = AppStore|iPhone
		{4D9378B5-B044-427C-AA07-E0A43D1E565C}.AppStore|Any CPU.Build.0 = AppStore|iPhone
		{4D9378B5-B044-427C-AA07-E0A43D1E565C}.AppStore|Any CPU.Deploy.0 = AppStore|iPhone
		{4D9378B5-B044-427C-AA07-E0A43D1E565C}.AppStore|ARM.ActiveCfg = AppStore|iPhone
		{4D9378B5-B044-427C-AA07-E0A43D1E565C}.AppStore|ARM.Build.0 = AppStore|iPhone
		{4D9378B5-B044-427C-AA07-E0A43D1E565C}.AppStore|ARM.Deploy.0 = AppStore|iPhone
		{4D9378B5-B044-427C-AA07-E0A43D1E565C}.AppStore|iPhone.ActiveCfg = AppStore|iPhone
		{4D9378B5-B044-427C-AA07-E0A43D1E565C}.AppStore|iPhone.Build.0 = AppStore|iPhone
		{4D9378B5-B044-427C-AA07-E0A43D1E565C}.AppStore|iPhone.Deploy.0 = AppStore|iPhone
		{4D9378B5-B044-427C-AA07-E0A43D1E565C}.AppStore|iPhoneSimulator.ActiveCfg = AppStore|iPhoneSimulator
		{4D9378B5-B044-427C-AA07-E0A43D1E565C}.AppStore|iPhoneSimulator.Build.0 = AppStore|iPhoneSimulator
		{4D9378B5-B044-427C-AA07-E0A43D1E565C}.AppStore|iPhoneSimulator.Deploy.0 = AppStore|iPhoneSimulator
		{4D9378B5-B044-427C-AA07-E0A43D1E565C}.AppStore|x64.ActiveCfg = AppStore|iPhone
		{4D9378B5-B044-427C-AA07-E0A43D1E565C}.AppStore|x64.Build.0 = AppStore|iPhone
		{4D9378B5-B044-427C-AA07-E0A43D1E565C}.AppStore|x64.Deploy.0 = AppStore|iPhone
		{4D9378B5-B044-427C-AA07-E0A43D1E565C}.AppStore|x86.ActiveCfg = AppStore|iPhone
		{4D9378B5-B044-427C-AA07-E0A43D1E565C}.AppStore|x86.Build.0 = AppStore|iPhone
		{4D9378B5-B044-427C-AA07-E0A43D1E565C}.AppStore|x86.Deploy.0 = AppStore|iPhone
		{4D9378B5-B044-427C-AA07-E0A43D1E565C}.Debug|Any CPU.ActiveCfg = Debug|iPhoneSimulator
		{4D9378B5-B044-427C-AA07-E0A43D1E565C}.Debug|Any CPU.Build.0 = Debug|iPhoneSimulator
		{4D9378B5-B044-427C-AA07-E0A43D1E565C}.Debug|Any CPU.Deploy.0 = Debug|iPhoneSimulator
		{4D9378B5-B044-427C-AA07-E0A43D1E565C}.Debug|ARM.ActiveCfg = Debug|iPhone
		{4D9378B5-B044-427C-AA07-E0A43D1E565C}.Debug|ARM.Build.0 = Debug|iPhone
		{4D9378B5-B044-427C-AA07-E0A43D1E565C}.Debug|ARM.Deploy.0 = Debug|iPhone
		{4D9378B5-B044-427C-AA07-E0A43D1E565C}.Debug|iPhone.ActiveCfg = Debug|iPhone
		{4D9378B5-B044-427C-AA07-E0A43D1E565C}.Debug|iPhone.Build.0 = Debug|iPhone
		{4D9378B5-B044-427C-AA07-E0A43D1E565C}.Debug|iPhone.Deploy.0 = Debug|iPhone
		{4D9378B5-B044-427C-AA07-E0A43D1E565C}.Debug|iPhoneSimulator.ActiveCfg = Debug|iPhoneSimulator
		{4D9378B5-B044-427C-AA07-E0A43D1E565C}.Debug|iPhoneSimulator.Build.0 = Debug|iPhoneSimulator
		{4D9378B5-B044-427C-AA07-E0A43D1E565C}.Debug|iPhoneSimulator.Deploy.0 = Debug|iPhoneSimulator
		{4D9378B5-B044-427C-AA07-E0A43D1E565C}.Debug|x64.ActiveCfg = Debug|iPhone
		{4D9378B5-B044-427C-AA07-E0A43D1E565C}.Debug|x64.Build.0 = Debug|iPhone
		{4D9378B5-B044-427C-AA07-E0A43D1E565C}.Debug|x64.Deploy.0 = Debug|iPhone
		{4D9378B5-B044-427C-AA07-E0A43D1E565C}.Debug|x86.ActiveCfg = Debug|iPhone
		{4D9378B5-B044-427C-AA07-E0A43D1E565C}.Debug|x86.Build.0 = Debug|iPhone
		{4D9378B5-B044-427C-AA07-E0A43D1E565C}.Debug|x86.Deploy.0 = Debug|iPhone
		{4D9378B5-B044-427C-AA07-E0A43D1E565C}.Release|Any CPU.ActiveCfg = Release|iPhone
		{4D9378B5-B044-427C-AA07-E0A43D1E565C}.Release|Any CPU.Build.0 = Release|iPhone
		{4D9378B5-B044-427C-AA07-E0A43D1E565C}.Release|Any CPU.Deploy.0 = Release|iPhone
		{4D9378B5-B044-427C-AA07-E0A43D1E565C}.Release|ARM.ActiveCfg = Release|iPhone
		{4D9378B5-B044-427C-AA07-E0A43D1E565C}.Release|ARM.Build.0 = Release|iPhone
		{4D9378B5-B044-427C-AA07-E0A43D1E565C}.Release|ARM.Deploy.0 = Release|iPhone
		{4D9378B5-B044-427C-AA07-E0A43D1E565C}.Release|iPhone.ActiveCfg = Release|iPhone
		{4D9378B5-B044-427C-AA07-E0A43D1E565C}.Release|iPhone.Build.0 = Release|iPhone
		{4D9378B5-B044-427C-AA07-E0A43D1E565C}.Release|iPhone.Deploy.0 = Release|iPhone
		{4D9378B5-B044-427C-AA07-E0A43D1E565C}.Release|iPhoneSimulator.ActiveCfg = Release|iPhoneSimulator
		{4D9378B5-B044-427C-AA07-E0A43D1E565C}.Release|iPhoneSimulator.Build.0 = Release|iPhoneSimulator
		{4D9378B5-B044-427C-AA07-E0A43D1E565C}.Release|iPhoneSimulator.Deploy.0 = Release|iPhoneSimulator
		{4D9378B5-B044-427C-AA07-E0A43D1E565C}.Release|x64.ActiveCfg = Release|iPhone
		{4D9378B5-B044-427C-AA07-E0A43D1E565C}.Release|x64.Build.0 = Release|iPhone
		{4D9378B5-B044-427C-AA07-E0A43D1E565C}.Release|x64.Deploy.0 = Release|iPhone
		{4D9378B5-B044-427C-AA07-E0A43D1E565C}.Release|x86.ActiveCfg = Release|iPhone
		{4D9378B5-B044-427C-AA07-E0A43D1E565C}.Release|x86.Build.0 = Release|iPhone
		{4D9378B5-B044-427C-AA07-E0A43D1E565C}.Release|x86.Deploy.0 = Release|iPhone
		{4D12EFEC-A70B-40CC-8C28-2129A03EB176}.Ad-Hoc|Any CPU.ActiveCfg = Release|x86
		{4D12EFEC-A70B-40CC-8C28-2129A03EB176}.Ad-Hoc|Any CPU.Build.0 = Release|x86
		{4D12EFEC-A70B-40CC-8C28-2129A03EB176}.Ad-Hoc|Any CPU.Deploy.0 = Release|x86
		{4D12EFEC-A70B-40CC-8C28-2129A03EB176}.Ad-Hoc|ARM.ActiveCfg = Release|ARM
		{4D12EFEC-A70B-40CC-8C28-2129A03EB176}.Ad-Hoc|ARM.Build.0 = Release|ARM
		{4D12EFEC-A70B-40CC-8C28-2129A03EB176}.Ad-Hoc|ARM.Deploy.0 = Release|ARM
		{4D12EFEC-A70B-40CC-8C28-2129A03EB176}.Ad-Hoc|iPhone.ActiveCfg = Release|x86
		{4D12EFEC-A70B-40CC-8C28-2129A03EB176}.Ad-Hoc|iPhone.Build.0 = Release|x86
		{4D12EFEC-A70B-40CC-8C28-2129A03EB176}.Ad-Hoc|iPhone.Deploy.0 = Release|x86
		{4D12EFEC-A70B-40CC-8C28-2129A03EB176}.Ad-Hoc|iPhoneSimulator.ActiveCfg = Release|x86
		{4D12EFEC-A70B-40CC-8C28-2129A03EB176}.Ad-Hoc|iPhoneSimulator.Build.0 = Release|x86
		{4D12EFEC-A70B-40CC-8C28-2129A03EB176}.Ad-Hoc|iPhoneSimulator.Deploy.0 = Release|x86
		{4D12EFEC-A70B-40CC-8C28-2129A03EB176}.Ad-Hoc|x64.ActiveCfg = Release|x64
		{4D12EFEC-A70B-40CC-8C28-2129A03EB176}.Ad-Hoc|x64.Build.0 = Release|x64
		{4D12EFEC-A70B-40CC-8C28-2129A03EB176}.Ad-Hoc|x64.Deploy.0 = Release|x64
		{4D12EFEC-A70B-40CC-8C28-2129A03EB176}.Ad-Hoc|x86.ActiveCfg = Release|x86
		{4D12EFEC-A70B-40CC-8C28-2129A03EB176}.Ad-Hoc|x86.Build.0 = Release|x86
		{4D12EFEC-A70B-40CC-8C28-2129A03EB176}.Ad-Hoc|x86.Deploy.0 = Release|x86
		{4D12EFEC-A70B-40CC-8C28-2129A03EB176}.AppStore|Any CPU.ActiveCfg = Release|x86
		{4D12EFEC-A70B-40CC-8C28-2129A03EB176}.AppStore|Any CPU.Build.0 = Release|x86
		{4D12EFEC-A70B-40CC-8C28-2129A03EB176}.AppStore|Any CPU.Deploy.0 = Release|x86
		{4D12EFEC-A70B-40CC-8C28-2129A03EB176}.AppStore|ARM.ActiveCfg = Release|ARM
		{4D12EFEC-A70B-40CC-8C28-2129A03EB176}.AppStore|ARM.Build.0 = Release|ARM
		{4D12EFEC-A70B-40CC-8C28-2129A03EB176}.AppStore|ARM.Deploy.0 = Release|ARM
		{4D12EFEC-A70B-40CC-8C28-2129A03EB176}.AppStore|iPhone.ActiveCfg = Release|x86
		{4D12EFEC-A70B-40CC-8C28-2129A03EB176}.AppStore|iPhone.Build.0 = Release|x86
		{4D12EFEC-A70B-40CC-8C28-2129A03EB176}.AppStore|iPhone.Deploy.0 = Release|x86
		{4D12EFEC-A70B-40CC-8C28-2129A03EB176}.AppStore|iPhoneSimulator.ActiveCfg = Release|x86
		{4D12EFEC-A70B-40CC-8C28-2129A03EB176}.AppStore|iPhoneSimulator.Build.0 = Release|x86
		{4D12EFEC-A70B-40CC-8C28-2129A03EB176}.AppStore|iPhoneSimulator.Deploy.0 = Release|x86
		{4D12EFEC-A70B-40CC-8C28-2129A03EB176}.AppStore|x64.ActiveCfg = Release|x64
		{4D12EFEC-A70B-40CC-8C28-2129A03EB176}.AppStore|x64.Build.0 = Release|x64
		{4D12EFEC-A70B-40CC-8C28-2129A03EB176}.AppStore|x64.Deploy.0 = Release|x64
		{4D12EFEC-A70B-40CC-8C28-2129A03EB176}.AppStore|x86.ActiveCfg = Release|x86
		{4D12EFEC-A70B-40CC-8C28-2129A03EB176}.AppStore|x86.Build.0 = Release|x86
		{4D12EFEC-A70B-40CC-8C28-2129A03EB176}.AppStore|x86.Deploy.0 = Release|x86
		{4D12EFEC-A70B-40CC-8C28-2129A03EB176}.Debug|Any CPU.ActiveCfg = Debug|x86
		{4D12EFEC-A70B-40CC-8C28-2129A03EB176}.Debug|Any CPU.Build.0 = Debug|x86
		{4D12EFEC-A70B-40CC-8C28-2129A03EB176}.Debug|Any CPU.Deploy.0 = Debug|x86
		{4D12EFEC-A70B-40CC-8C28-2129A03EB176}.Debug|ARM.ActiveCfg = Debug|ARM
		{4D12EFEC-A70B-40CC-8C28-2129A03EB176}.Debug|ARM.Build.0 = Debug|ARM
		{4D12EFEC-A70B-40CC-8C28-2129A03EB176}.Debug|ARM.Deploy.0 = Debug|ARM
		{4D12EFEC-A70B-40CC-8C28-2129A03EB176}.Debug|iPhone.ActiveCfg = Debug|x86
		{4D12EFEC-A70B-40CC-8C28-2129A03EB176}.Debug|iPhone.Build.0 = Debug|x86
		{4D12EFEC-A70B-40CC-8C28-2129A03EB176}.Debug|iPhone.Deploy.0 = Debug|x86
		{4D12EFEC-A70B-40CC-8C28-2129A03EB176}.Debug|iPhoneSimulator.ActiveCfg = Debug|x86
		{4D12EFEC-A70B-40CC-8C28-2129A03EB176}.Debug|iPhoneSimulator.Build.0 = Debug|x86
		{4D12EFEC-A70B-40CC-8C28-2129A03EB176}.Debug|iPhoneSimulator.Deploy.0 = Debug|x86
		{4D12EFEC-A70B-40CC-8C28-2129A03EB176}.Debug|x64.ActiveCfg = Debug|x64
		{4D12EFEC-A70B-40CC-8C28-2129A03EB176}.Debug|x64.Build.0 = Debug|x64
		{4D12EFEC-A70B-40CC-8C28-2129A03EB176}.Debug|x64.Deploy.0 = Debug|x64
		{4D12EFEC-A70B-40CC-8C28-2129A03EB176}.Debug|x86.ActiveCfg = Debug|x64
		{4D12EFEC-A70B-40CC-8C28-2129A03EB176}.Debug|x86.Build.0 = Debug|x64
		{4D12EFEC-A70B-40CC-8C28-2129A03EB176}.Debug|x86.Deploy.0 = Debug|x64
		{4D12EFEC-A70B-40CC-8C28-2129A03EB176}.Release|Any CPU.ActiveCfg = Release|x86
		{4D12EFEC-A70B-40CC-8C28-2129A03EB176}.Release|Any CPU.Build.0 = Release|x86
		{4D12EFEC-A70B-40CC-8C28-2129A03EB176}.Release|Any CPU.Deploy.0 = Release|x86
		{4D12EFEC-A70B-40CC-8C28-2129A03EB176}.Release|ARM.ActiveCfg = Release|ARM
		{4D12EFEC-A70B-40CC-8C28-2129A03EB176}.Release|ARM.Build.0 = Release|ARM
		{4D12EFEC-A70B-40CC-8C28-2129A03EB176}.Release|ARM.Deploy.0 = Release|ARM
		{4D12EFEC-A70B-40CC-8C28-2129A03EB176}.Release|iPhone.ActiveCfg = Release|x86
		{4D12EFEC-A70B-40CC-8C28-2129A03EB176}.Release|iPhone.Build.0 = Release|x86
		{4D12EFEC-A70B-40CC-8C28-2129A03EB176}.Release|iPhone.Deploy.0 = Release|x86
		{4D12EFEC-A70B-40CC-8C28-2129A03EB176}.Release|iPhoneSimulator.ActiveCfg = Release|x86
		{4D12EFEC-A70B-40CC-8C28-2129A03EB176}.Release|iPhoneSimulator.Build.0 = Release|x86
		{4D12EFEC-A70B-40CC-8C28-2129A03EB176}.Release|iPhoneSimulator.Deploy.0 = Release|x86
		{4D12EFEC-A70B-40CC-8C28-2129A03EB176}.Release|x64.ActiveCfg = Release|x64
		{4D12EFEC-A70B-40CC-8C28-2129A03EB176}.Release|x64.Build.0 = Release|x64
		{4D12EFEC-A70B-40CC-8C28-2129A03EB176}.Release|x64.Deploy.0 = Release|x64
		{4D12EFEC-A70B-40CC-8C28-2129A03EB176}.Release|x86.ActiveCfg = Release|x86
		{4D12EFEC-A70B-40CC-8C28-2129A03EB176}.Release|x86.Build.0 = Release|x86
		{4D12EFEC-A70B-40CC-8C28-2129A03EB176}.Release|x86.Deploy.0 = Release|x86
		{F85E3033-50C9-4A62-96DB-99E3F9AAD798}.Ad-Hoc|Any CPU.ActiveCfg = Debug|Any CPU
		{F85E3033-50C9-4A62-96DB-99E3F9AAD798}.Ad-Hoc|Any CPU.Build.0 = Debug|Any CPU
		{F85E3033-50C9-4A62-96DB-99E3F9AAD798}.Ad-Hoc|Any CPU.Deploy.0 = Debug|Any CPU
		{F85E3033-50C9-4A62-96DB-99E3F9AAD798}.Ad-Hoc|ARM.ActiveCfg = Debug|Any CPU
		{F85E3033-50C9-4A62-96DB-99E3F9AAD798}.Ad-Hoc|ARM.Build.0 = Debug|Any CPU
		{F85E3033-50C9-4A62-96DB-99E3F9AAD798}.Ad-Hoc|ARM.Deploy.0 = Debug|Any CPU
		{F85E3033-50C9-4A62-96DB-99E3F9AAD798}.Ad-Hoc|iPhone.ActiveCfg = Debug|Any CPU
		{F85E3033-50C9-4A62-96DB-99E3F9AAD798}.Ad-Hoc|iPhone.Build.0 = Debug|Any CPU
		{F85E3033-50C9-4A62-96DB-99E3F9AAD798}.Ad-Hoc|iPhone.Deploy.0 = Debug|Any CPU
		{F85E3033-50C9-4A62-96DB-99E3F9AAD798}.Ad-Hoc|iPhoneSimulator.ActiveCfg = Debug|Any CPU
		{F85E3033-50C9-4A62-96DB-99E3F9AAD798}.Ad-Hoc|iPhoneSimulator.Build.0 = Debug|Any CPU
		{F85E3033-50C9-4A62-96DB-99E3F9AAD798}.Ad-Hoc|iPhoneSimulator.Deploy.0 = Debug|Any CPU
		{F85E3033-50C9-4A62-96DB-99E3F9AAD798}.Ad-Hoc|x64.ActiveCfg = Debug|Any CPU
		{F85E3033-50C9-4A62-96DB-99E3F9AAD798}.Ad-Hoc|x64.Build.0 = Debug|Any CPU
		{F85E3033-50C9-4A62-96DB-99E3F9AAD798}.Ad-Hoc|x64.Deploy.0 = Debug|Any CPU
		{F85E3033-50C9-4A62-96DB-99E3F9AAD798}.Ad-Hoc|x86.ActiveCfg = Debug|Any CPU
		{F85E3033-50C9-4A62-96DB-99E3F9AAD798}.Ad-Hoc|x86.Build.0 = Debug|Any CPU
		{F85E3033-50C9-4A62-96DB-99E3F9AAD798}.Ad-Hoc|x86.Deploy.0 = Debug|Any CPU
		{F85E3033-50C9-4A62-96DB-99E3F9AAD798}.AppStore|Any CPU.ActiveCfg = Debug|Any CPU
		{F85E3033-50C9-4A62-96DB-99E3F9AAD798}.AppStore|Any CPU.Build.0 = Debug|Any CPU
		{F85E3033-50C9-4A62-96DB-99E3F9AAD798}.AppStore|Any CPU.Deploy.0 = Debug|Any CPU
		{F85E3033-50C9-4A62-96DB-99E3F9AAD798}.AppStore|ARM.ActiveCfg = Debug|Any CPU
		{F85E3033-50C9-4A62-96DB-99E3F9AAD798}.AppStore|ARM.Build.0 = Debug|Any CPU
		{F85E3033-50C9-4A62-96DB-99E3F9AAD798}.AppStore|ARM.Deploy.0 = Debug|Any CPU
		{F85E3033-50C9-4A62-96DB-99E3F9AAD798}.AppStore|iPhone.ActiveCfg = Debug|Any CPU
		{F85E3033-50C9-4A62-96DB-99E3F9AAD798}.AppStore|iPhone.Build.0 = Debug|Any CPU
		{F85E3033-50C9-4A62-96DB-99E3F9AAD798}.AppStore|iPhone.Deploy.0 = Debug|Any CPU
		{F85E3033-50C9-4A62-96DB-99E3F9AAD798}.AppStore|iPhoneSimulator.ActiveCfg = Debug|Any CPU
		{F85E3033-50C9-4A62-96DB-99E3F9AAD798}.AppStore|iPhoneSimulator.Build.0 = Debug|Any CPU
		{F85E3033-50C9-4A62-96DB-99E3F9AAD798}.AppStore|iPhoneSimulator.Deploy.0 = Debug|Any CPU
		{F85E3033-50C9-4A62-96DB-99E3F9AAD798}.AppStore|x64.ActiveCfg = Debug|Any CPU
		{F85E3033-50C9-4A62-96DB-99E3F9AAD798}.AppStore|x64.Build.0 = Debug|Any CPU
		{F85E3033-50C9-4A62-96DB-99E3F9AAD798}.AppStore|x64.Deploy.0 = Debug|Any CPU
		{F85E3033-50C9-4A62-96DB-99E3F9AAD798}.AppStore|x86.ActiveCfg = Debug|Any CPU
		{F85E3033-50C9-4A62-96DB-99E3F9AAD798}.AppStore|x86.Build.0 = Debug|Any CPU
		{F85E3033-50C9-4A62-96DB-99E3F9AAD798}.AppStore|x86.Deploy.0 = Debug|Any CPU
		{F85E3033-50C9-4A62-96DB-99E3F9AAD798}.Debug|Any CPU.ActiveCfg = Debug|Any CPU
		{F85E3033-50C9-4A62-96DB-99E3F9AAD798}.Debug|Any CPU.Build.0 = Debug|Any CPU
		{F85E3033-50C9-4A62-96DB-99E3F9AAD798}.Debug|Any CPU.Deploy.0 = Debug|Any CPU
		{F85E3033-50C9-4A62-96DB-99E3F9AAD798}.Debug|ARM.ActiveCfg = Debug|Any CPU
		{F85E3033-50C9-4A62-96DB-99E3F9AAD798}.Debug|ARM.Build.0 = Debug|Any CPU
		{F85E3033-50C9-4A62-96DB-99E3F9AAD798}.Debug|ARM.Deploy.0 = Debug|Any CPU
		{F85E3033-50C9-4A62-96DB-99E3F9AAD798}.Debug|iPhone.ActiveCfg = Debug|Any CPU
		{F85E3033-50C9-4A62-96DB-99E3F9AAD798}.Debug|iPhone.Build.0 = Debug|Any CPU
		{F85E3033-50C9-4A62-96DB-99E3F9AAD798}.Debug|iPhone.Deploy.0 = Debug|Any CPU
		{F85E3033-50C9-4A62-96DB-99E3F9AAD798}.Debug|iPhoneSimulator.ActiveCfg = Debug|Any CPU
		{F85E3033-50C9-4A62-96DB-99E3F9AAD798}.Debug|iPhoneSimulator.Build.0 = Debug|Any CPU
		{F85E3033-50C9-4A62-96DB-99E3F9AAD798}.Debug|iPhoneSimulator.Deploy.0 = Debug|Any CPU
		{F85E3033-50C9-4A62-96DB-99E3F9AAD798}.Debug|x64.ActiveCfg = Debug|Any CPU
		{F85E3033-50C9-4A62-96DB-99E3F9AAD798}.Debug|x64.Build.0 = Debug|Any CPU
		{F85E3033-50C9-4A62-96DB-99E3F9AAD798}.Debug|x64.Deploy.0 = Debug|Any CPU
		{F85E3033-50C9-4A62-96DB-99E3F9AAD798}.Debug|x86.ActiveCfg = Debug|Any CPU
		{F85E3033-50C9-4A62-96DB-99E3F9AAD798}.Debug|x86.Build.0 = Debug|Any CPU
		{F85E3033-50C9-4A62-96DB-99E3F9AAD798}.Debug|x86.Deploy.0 = Debug|Any CPU
		{F85E3033-50C9-4A62-96DB-99E3F9AAD798}.Release|Any CPU.ActiveCfg = Release|Any CPU
		{F85E3033-50C9-4A62-96DB-99E3F9AAD798}.Release|Any CPU.Build.0 = Release|Any CPU
		{F85E3033-50C9-4A62-96DB-99E3F9AAD798}.Release|Any CPU.Deploy.0 = Release|Any CPU
		{F85E3033-50C9-4A62-96DB-99E3F9AAD798}.Release|ARM.ActiveCfg = Release|Any CPU
		{F85E3033-50C9-4A62-96DB-99E3F9AAD798}.Release|ARM.Build.0 = Release|Any CPU
		{F85E3033-50C9-4A62-96DB-99E3F9AAD798}.Release|ARM.Deploy.0 = Release|Any CPU
		{F85E3033-50C9-4A62-96DB-99E3F9AAD798}.Release|iPhone.ActiveCfg = Release|Any CPU
		{F85E3033-50C9-4A62-96DB-99E3F9AAD798}.Release|iPhone.Build.0 = Release|Any CPU
		{F85E3033-50C9-4A62-96DB-99E3F9AAD798}.Release|iPhone.Deploy.0 = Release|Any CPU
		{F85E3033-50C9-4A62-96DB-99E3F9AAD798}.Release|iPhoneSimulator.ActiveCfg = Release|Any CPU
		{F85E3033-50C9-4A62-96DB-99E3F9AAD798}.Release|iPhoneSimulator.Build.0 = Release|Any CPU
		{F85E3033-50C9-4A62-96DB-99E3F9AAD798}.Release|iPhoneSimulator.Deploy.0 = Release|Any CPU
		{F85E3033-50C9-4A62-96DB-99E3F9AAD798}.Release|x64.ActiveCfg = Release|Any CPU
		{F85E3033-50C9-4A62-96DB-99E3F9AAD798}.Release|x64.Build.0 = Release|Any CPU
		{F85E3033-50C9-4A62-96DB-99E3F9AAD798}.Release|x64.Deploy.0 = Release|Any CPU
		{F85E3033-50C9-4A62-96DB-99E3F9AAD798}.Release|x86.ActiveCfg = Release|Any CPU
		{F85E3033-50C9-4A62-96DB-99E3F9AAD798}.Release|x86.Build.0 = Release|Any CPU
		{F85E3033-50C9-4A62-96DB-99E3F9AAD798}.Release|x86.Deploy.0 = Release|Any CPU
	EndGlobalSection
	GlobalSection(SolutionProperties) = preSolution
		HideSolutionNode = FALSE
	EndGlobalSection
	GlobalSection(ExtensibilityGlobals) = postSolution
		SolutionGuid = {62D0A844-B1F1-4F3A-BBF0-C6434908DA09}
	EndGlobalSection
EndGlobal
